// !$*UTF8*$!
{
	archiveVersion = 1;
	classes = {
	};
	objectVersion = 50;
	objects = {

/* Begin PBXBuildFile section */
		0751484F223D5F4800EA5BED /* AppDelegate.swift in Sources */ = {isa = PBXBuildFile; fileRef = 0751484E223D5F4800EA5BED /* AppDelegate.swift */; };
		07514851223D5F4800EA5BED /* ViewController.swift in Sources */ = {isa = PBXBuildFile; fileRef = 07514850223D5F4800EA5BED /* ViewController.swift */; };
		07514854223D5F4800EA5BED /* Main.storyboard in Resources */ = {isa = PBXBuildFile; fileRef = 07514852223D5F4800EA5BED /* Main.storyboard */; };
		07514856223D5F4B00EA5BED /* Assets.xcassets in Resources */ = {isa = PBXBuildFile; fileRef = 07514855223D5F4B00EA5BED /* Assets.xcassets */; };
		07514859223D5F4B00EA5BED /* LaunchScreen.storyboard in Resources */ = {isa = PBXBuildFile; fileRef = 07514857223D5F4B00EA5BED /* LaunchScreen.storyboard */; };
		07514863223D617900EA5BED /* words.txt in Resources */ = {isa = PBXBuildFile; fileRef = 07514862223D617900EA5BED /* words.txt */; };
		07514865223D62A100EA5BED /* letters.txt in Resources */ = {isa = PBXBuildFile; fileRef = 07514864223D62A100EA5BED /* letters.txt */; };
/* End PBXBuildFile section */

/* Begin PBXFileReference section */
		0751484B223D5F4800EA5BED /* Day41.app */ = {isa = PBXFileReference; explicitFileType = wrapper.application; includeInIndex = 0; path = Day41.app; sourceTree = BUILT_PRODUCTS_DIR; };
		0751484E223D5F4800EA5BED /* AppDelegate.swift */ = {isa = PBXFileReference; lastKnownFileType = sourcecode.swift; path = AppDelegate.swift; sourceTree = "<group>"; };
		07514850223D5F4800EA5BED /* ViewController.swift */ = {isa = PBXFileReference; lastKnownFileType = sourcecode.swift; path = ViewController.swift; sourceTree = "<group>"; };
		07514853223D5F4800EA5BED /* Base */ = {isa = PBXFileReference; lastKnownFileType = file.storyboard; name = Base; path = Base.lproj/Main.storyboard; sourceTree = "<group>"; };
		07514855223D5F4B00EA5BED /* Assets.xcassets */ = {isa = PBXFileReference; lastKnownFileType = folder.assetcatalog; path = Assets.xcassets; sourceTree = "<group>"; };
		07514858223D5F4B00EA5BED /* Base */ = {isa = PBXFileReference; lastKnownFileType = file.storyboard; name = Base; path = Base.lproj/LaunchScreen.storyboard; sourceTree = "<group>"; };
		0751485A223D5F4B00EA5BED /* Info.plist */ = {isa = PBXFileReference; lastKnownFileType = text.plist.xml; path = Info.plist; sourceTree = "<group>"; };
		07514862223D617900EA5BED /* words.txt */ = {isa = PBXFileReference; fileEncoding = 4; lastKnownFileType = text; path = words.txt; sourceTree = SOURCE_ROOT; };
		07514864223D62A100EA5BED /* letters.txt */ = {isa = PBXFileReference; fileEncoding = 4; lastKnownFileType = text; path = letters.txt; sourceTree = SOURCE_ROOT; };
/* End PBXFileReference section */

/* Begin PBXFrameworksBuildPhase section */
		07514848223D5F4800EA5BED /* Frameworks */ = {
			isa = PBXFrameworksBuildPhase;
			buildActionMask = 2147483647;
			files = (
			);
			runOnlyForDeploymentPostprocessing = 0;
		};
/* End PBXFrameworksBuildPhase section */

/* Begin PBXGroup section */
		07514842223D5F4800EA5BED = {
			isa = PBXGroup;
			children = (
				0751484D223D5F4800EA5BED /* Day41 */,
				0751484C223D5F4800EA5BED /* Products */,
			);
			sourceTree = "<group>";
		};
		0751484C223D5F4800EA5BED /* Products */ = {
			isa = PBXGroup;
			children = (
				0751484B223D5F4800EA5BED /* Day41.app */,
			);
			name = Products;
			sourceTree = "<group>";
		};
		0751484D223D5F4800EA5BED /* Day41 */ = {
			isa = PBXGroup;
			children = (
				0751484E223D5F4800EA5BED /* AppDelegate.swift */,
				07514850223D5F4800EA5BED /* ViewController.swift */,
				07514852223D5F4800EA5BED /* Main.storyboard */,
				07514855223D5F4B00EA5BED /* Assets.xcassets */,
				07514857223D5F4B00EA5BED /* LaunchScreen.storyboard */,
				0751485A223D5F4B00EA5BED /* Info.plist */,
				07514862223D617900EA5BED /* words.txt */,
				07514864223D62A100EA5BED /* letters.txt */,
			);
			path = Day41;
			sourceTree = "<group>";
		};
/* End PBXGroup section */

/* Begin PBXNativeTarget section */
		0751484A223D5F4800EA5BED /* Day41 */ = {
			isa = PBXNativeTarget;
			buildConfigurationList = 0751485D223D5F4B00EA5BED /* Build configuration list for PBXNativeTarget "Day41" */;
			buildPhases = (
				07514847223D5F4800EA5BED /* Sources */,
				07514848223D5F4800EA5BED /* Frameworks */,
				07514849223D5F4800EA5BED /* Resources */,
			);
			buildRules = (
			);
			dependencies = (
			);
			name = Day41;
			productName = Day41;
			productReference = 0751484B223D5F4800EA5BED /* Day41.app */;
			productType = "com.apple.product-type.application";
		};
/* End PBXNativeTarget section */

/* Begin PBXProject section */
		07514843223D5F4800EA5BED /* Project object */ = {
			isa = PBXProject;
			attributes = {
				LastSwiftUpdateCheck = 1010;
				LastUpgradeCheck = 1010;
				ORGANIZATIONNAME = HenryNguyen;
				TargetAttributes = {
					0751484A223D5F4800EA5BED = {
						CreatedOnToolsVersion = 10.1;
					};
				};
			};
			buildConfigurationList = 07514846223D5F4800EA5BED /* Build configuration list for PBXProject "Day41" */;
			compatibilityVersion = "Xcode 9.3";
			developmentRegion = en;
			hasScannedForEncodings = 0;
			knownRegions = (
				en,
				Base,
			);
			mainGroup = 07514842223D5F4800EA5BED;
			productRefGroup = 0751484C223D5F4800EA5BED /* Products */;
			projectDirPath = "";
			projectRoot = "";
			targets = (
				0751484A223D5F4800EA5BED /* Day41 */,
			);
		};
/* End PBXProject section */

/* Begin PBXResourcesBuildPhase section */
		07514849223D5F4800EA5BED /* Resources */ = {
			isa = PBXResourcesBuildPhase;
			buildActionMask = 2147483647;
			files = (
				07514859223D5F4B00EA5BED /* LaunchScreen.storyboard in Resources */,
				07514856223D5F4B00EA5BED /* Assets.xcassets in Resources */,
				07514863223D617900EA5BED /* words.txt in Resources */,
				07514865223D62A100EA5BED /* letters.txt in Resources */,
				07514854223D5F4800EA5BED /* Main.storyboard in Resources */,
			);
			runOnlyForDeploymentPostprocessing = 0;
		};
/* End PBXResourcesBuildPhase section */

/* Begin PBXSourcesBuildPhase section */
		07514847223D5F4800EA5BED /* Sources */ = {
			isa = PBXSourcesBuildPhase;
			buildActionMask = 2147483647;
			files = (
				07514851223D5F4800EA5BED /* ViewController.swift in Sources */,
				0751484F223D5F4800EA5BED /* AppDelegate.swift in Sources */,
			);
			runOnlyForDeploymentPostprocessing = 0;
		};
/* End PBXSourcesBuildPhase section */

/* Begin PBXVariantGroup section */
		07514852223D5F4800EA5BED /* Main.storyboard */ = {
			isa = PBXVariantGroup;
			children = (
				07514853223D5F4800EA5BED /* Base */,
			);
			name = Main.storyboard;
			sourceTree = "<group>";
		};
		07514857223D5F4B00EA5BED /* LaunchScreen.storyboard */ = {
			isa = PBXVariantGroup;
			children = (
				07514858223D5F4B00EA5BED /* Base */,
			);
			name = LaunchScreen.storyboard;
			sourceTree = "<group>";
		};
/* End PBXVariantGroup section */

/* Begin XCBuildConfiguration section */
		0751485B223D5F4B00EA5BED /* Debug */ = {
			isa = XCBuildConfiguration;
			buildSettings = {
				ALWAYS_SEARCH_USER_PATHS = NO;
				CLANG_ANALYZER_NONNULL = YES;
				CLANG_ANALYZER_NUMBER_OBJECT_CONVERSION = YES_AGGRESSIVE;
				CLANG_CXX_LANGUAGE_STANDARD = "gnu++14";
				CLANG_CXX_LIBRARY = "libc++";
				CLANG_ENABLE_MODULES = YES;
				CLANG_ENABLE_OBJC_ARC = YES;
				CLANG_ENABLE_OBJC_WEAK = YES;
				CLANG_WARN_BLOCK_CAPTURE_AUTORELEASING = YES;
				CLANG_WARN_BOOL_CONVERSION = YES;
				CLANG_WARN_COMMA = YES;
				CLANG_WARN_CONSTANT_CONVERSION = YES;
				CLANG_WARN_DEPRECATED_OBJC_IMPLEMENTATIONS = YES;
				CLANG_WARN_DIRECT_OBJC_ISA_USAGE = YES_ERROR;
				CLANG_WARN_DOCUMENTATION_COMMENTS = YES;
				CLANG_WARN_EMPTY_BODY = YES;
				CLANG_WARN_ENUM_CONVERSION = YES;
				CLANG_WARN_INFINITE_RECURSION = YES;
				CLANG_WARN_INT_CONVERSION = YES;
				CLANG_WARN_NON_LITERAL_NULL_CONVERSION = YES;
				CLANG_WARN_OBJC_IMPLICIT_RETAIN_SELF = YES;
				CLANG_WARN_OBJC_LITERAL_CONVERSION = YES;
				CLANG_WARN_OBJC_ROOT_CLASS = YES_ERROR;
				CLANG_WARN_RANGE_LOOP_ANALYSIS = YES;
				CLANG_WARN_STRICT_PROTOTYPES = YES;
				CLANG_WARN_SUSPICIOUS_MOVE = YES;
				CLANG_WARN_UNGUARDED_AVAILABILITY = YES_AGGRESSIVE;
				CLANG_WARN_UNREACHABLE_CODE = YES;
				CLANG_WARN__DUPLICATE_METHOD_MATCH = YES;
				CODE_SIGN_IDENTITY = "iPhone Developer";
				COPY_PHASE_STRIP = NO;
				DEBUG_INFORMATION_FORMAT = dwarf;
				ENABLE_STRICT_OBJC_MSGSEND = YES;
				ENABLE_TESTABILITY = YES;
				GCC_C_LANGUAGE_STANDARD = gnu11;
				GCC_DYNAMIC_NO_PIC = NO;
				GCC_NO_COMMON_BLOCKS = YES;
				GCC_OPTIMIZATION_LEVEL = 0;
				GCC_PREPROCESSOR_DEFINITIONS = (
					"DEBUG=1",
					"$(inherited)",
				);
				GCC_WARN_64_TO_32_BIT_CONVERSION = YES;
				GCC_WARN_ABOUT_RETURN_TYPE = YES_ERROR;
				GCC_WARN_UNDECLARED_SELECTOR = YES;
				GCC_WARN_UNINITIALIZED_AUTOS = YES_AGGRESSIVE;
				GCC_WARN_UNUSED_FUNCTION = YES;
				GCC_WARN_UNUSED_VARIABLE = YES;
				IPHONEOS_DEPLOYMENT_TARGET = 12.1;
				MTL_ENABLE_DEBUG_INFO = INCLUDE_SOURCE;
				MTL_FAST_MATH = YES;
				ONLY_ACTIVE_ARCH = YES;
				SDKROOT = iphoneos;
				SWIFT_ACTIVE_COMPILATION_CONDITIONS = DEBUG;
				SWIFT_OPTIMIZATION_LEVEL = "-Onone";
			};
			name = Debug;
		};
		0751485C223D5F4B00EA5BED /* Release */ = {
			isa = XCBuildConfiguration;
			buildSettings = {
				ALWAYS_SEARCH_USER_PATHS = NO;
				CLANG_ANALYZER_NONNULL = YES;
				CLANG_ANALYZER_NUMBER_OBJECT_CONVERSION = YES_AGGRESSIVE;
				CLANG_CXX_LANGUAGE_STANDARD = "gnu++14";
				CLANG_CXX_LIBRARY = "libc++";
				CLANG_ENABLE_MODULES = YES;
				CLANG_ENABLE_OBJC_ARC = YES;
				CLANG_ENABLE_OBJC_WEAK = YES;
				CLANG_WARN_BLOCK_CAPTURE_AUTORELEASING = YES;
				CLANG_WARN_BOOL_CONVERSION = YES;
				CLANG_WARN_COMMA = YES;
				CLANG_WARN_CONSTANT_CONVERSION = YES;
				CLANG_WARN_DEPRECATED_OBJC_IMPLEMENTATIONS = YES;
				CLANG_WARN_DIRECT_OBJC_ISA_USAGE = YES_ERROR;
				CLANG_WARN_DOCUMENTATION_COMMENTS = YES;
				CLANG_WARN_EMPTY_BODY = YES;
				CLANG_WARN_ENUM_CONVERSION = YES;
				CLANG_WARN_INFINITE_RECURSION = YES;
				CLANG_WARN_INT_CONVERSION = YES;
				CLANG_WARN_NON_LITERAL_NULL_CONVERSION = YES;
				CLANG_WARN_OBJC_IMPLICIT_RETAIN_SELF = YES;
				CLANG_WARN_OBJC_LITERAL_CONVERSION = YES;
				CLANG_WARN_OBJC_ROOT_CLASS = YES_ERROR;
				CLANG_WARN_RANGE_LOOP_ANALYSIS = YES;
				CLANG_WARN_STRICT_PROTOTYPES = YES;
				CLANG_WARN_SUSPICIOUS_MOVE = YES;
				CLANG_WARN_UNGUARDED_AVAILABILITY = YES_AGGRESSIVE;
				CLANG_WARN_UNREACHABLE_CODE = YES;
				CLANG_WARN__DUPLICATE_METHOD_MATCH = YES;
				CODE_SIGN_IDENTITY = "iPhone Developer";
				COPY_PHASE_STRIP = NO;
				DEBUG_INFORMATION_FORMAT = "dwarf-with-dsym";
				ENABLE_NS_ASSERTIONS = NO;
				ENABLE_STRICT_OBJC_MSGSEND = YES;
				GCC_C_LANGUAGE_STANDARD = gnu11;
				GCC_NO_COMMON_BLOCKS = YES;
				GCC_WARN_64_TO_32_BIT_CONVERSION = YES;
				GCC_WARN_ABOUT_RETURN_TYPE = YES_ERROR;
				GCC_WARN_UNDECLARED_SELECTOR = YES;
				GCC_WARN_UNINITIALIZED_AUTOS = YES_AGGRESSIVE;
				GCC_WARN_UNUSED_FUNCTION = YES;
				GCC_WARN_UNUSED_VARIABLE = YES;
				IPHONEOS_DEPLOYMENT_TARGET = 12.1;
				MTL_ENABLE_DEBUG_INFO = NO;
				MTL_FAST_MATH = YES;
				SDKROOT = iphoneos;
				SWIFT_COMPILATION_MODE = wholemodule;
				SWIFT_OPTIMIZATION_LEVEL = "-O";
				VALIDATE_PRODUCT = YES;
			};
			name = Release;
		};
		0751485E223D5F4B00EA5BED /* Debug */ = {
			isa = XCBuildConfiguration;
			buildSettings = {
				ASSETCATALOG_COMPILER_APPICON_NAME = AppIcon;
				CODE_SIGN_STYLE = Automatic;
				DEVELOPMENT_TEAM = HNZKXLNFNX;
				INFOPLIST_FILE = Day41/Info.plist;
				LD_RUNPATH_SEARCH_PATHS = (
					"$(inherited)",
					"@executable_path/Frameworks",
				);
				PRODUCT_BUNDLE_IDENTIFIER = com.education.Day41;
				PRODUCT_NAME = "$(TARGET_NAME)";
				SWIFT_VERSION = 4.2;
				TARGETED_DEVICE_FAMILY = "1,2";
			};
			name = Debug;
		};
		0751485F223D5F4B00EA5BED /* Release */ = {
			isa = XCBuildConfiguration;
			buildSettings = {
				ASSETCATALOG_COMPILER_APPICON_NAME = AppIcon;
				CODE_SIGN_STYLE = Automatic;
				DEVELOPMENT_TEAM = HNZKXLNFNX;
				INFOPLIST_FILE = Day41/Info.plist;
				LD_RUNPATH_SEARCH_PATHS = (
					"$(inherited)",
					"@executable_path/Frameworks",
				);
				PRODUCT_BUNDLE_IDENTIFIER = com.education.Day41;
				PRODUCT_NAME = "$(TARGET_NAME)";
				SWIFT_VERSION = 4.2;
				TARGETED_DEVICE_FAMILY = "1,2";
			};
			name = Release;
		};
/* End XCBuildConfiguration section */

/* Begin XCConfigurationList section */
		07514846223D5F4800EA5BED /* Build configuration list for PBXProject "Day41" */ = {
			isa = XCConfigurationList;
			buildConfigurations = (
				0751485B223D5F4B00EA5BED /* Debug */,
				0751485C223D5F4B00EA5BED /* Release */,
			);
			defaultConfigurationIsVisible = 0;
			defaultConfigurationName = Release;
		};
		0751485D223D5F4B00EA5BED /* Build configuration list for PBXNativeTarget "Day41" */ = {
			isa = XCConfigurationList;
			buildConfigurations = (
				0751485E223D5F4B00EA5BED /* Debug */,
				0751485F223D5F4B00EA5BED /* Release */,
			);
			defaultConfigurationIsVisible = 0;
			defaultConfigurationName = Release;
		};
/* End XCConfigurationList section */
	};
	rootObject = 07514843223D5F4800EA5BED /* Project object */;
}
